{
  "name": "playblockerinteract",
  "version": "1.0.0",
  "lockfileVersion": 3,
  "requires": true,
  "packages": {
    "": {
      "name": "playblockerinteract",
      "version": "1.0.0",
      "license": "ISC",
      "dependencies": {
        "colors-named-hex": "^1.0.4",
        "interactjs": "^1.10.27"
      },
      "devDependencies": {}
    },
    "node_modules/@interactjs/types": {
      "version": "1.10.27",
      "resolved": "https://registry.npmjs.org/@interactjs/types/-/types-1.10.27.tgz",
      "integrity": "sha512-BUdv0cvs4H5ODuwft2Xp4eL8Vmi3LcihK42z0Ft/FbVJZoRioBsxH+LlsBdK4tAie7PqlKGy+1oyOncu1nQ6eA==",
      "license": "MIT"
    },
    "node_modules/colors-named-hex": {
      "version": "1.0.4",
      "resolved": "https://registry.npmjs.org/colors-named-hex/-/colors-named-hex-1.0.4.tgz",
      "integrity": "sha512-X+Enw/2fFAgDRhUac69cRO/RJvHnWDBBrP8J1sJuEU16Buiiu8PPpJP4abSo0V+fJbkfwmQITE6zKx/SBJERGw==",
      "license": "MIT",
      "engines": {
        "node": ">=14.16"
      },
      "funding": {
        "url": "https://jaywcjlove.github.io/#/sponsor"
      }
    },
    "node_modules/interactjs": {
      "version": "1.10.27",
      "resolved": "https://registry.npmjs.org/interactjs/-/interactjs-1.10.27.tgz",
      "integrity": "sha512-y/8RcCftGAF24gSp76X2JS3XpHiUvDQyhF8i7ujemBz77hwiHDuJzftHx7thY8cxGogwGiPJ+o97kWB6eAXnsA==",
      "dependencies": {
        "@interactjs/types": "1.10.27"
      }
    }
  }
}
